
Microsoft Visual Studio Solution File, Format Version 12.00
# Visual Studio Version 17
VisualStudioVersion = 17.3.32929.385
MinimumVisualStudioVersion = 10.0.40219.1
Project("{FAE04EC0-301F-11D3-BF4B-00C04F79EFBC}") = "Entidades", "Proyecto Integrador\Entidades.csproj", "{1FAB155A-2097-4337-9D21-1204B1DF1958}"
EndProject
Project("{FAE04EC0-301F-11D3-BF4B-00C04F79EFBC}") = "Datos", "Datos\Datos.csproj", "{D5514AF7-FB00-4A30-A5FF-431A2C097164}"
EndProject
Project("{FAE04EC0-301F-11D3-BF4B-00C04F79EFBC}") = "Negocio", "Negocio\Negocio.csproj", "{A5716A34-DBD6-4572-8D83-8DB1E762315A}"
EndProject
Project("{FAE04EC0-301F-11D3-BF4B-00C04F79EFBC}") = "WindowsPresentacion", "WindowsPresentacion\WindowsPresentacion.csproj", "{83187B6C-173C-4D09-AA45-098417BA5D59}"
EndProject
Global
	GlobalSection(SolutionConfigurationPlatforms) = preSolution
		Debug|Any CPU = Debug|Any CPU
		Release|Any CPU = Release|Any CPU
	EndGlobalSection
	GlobalSection(ProjectConfigurationPlatforms) = postSolution
		{1FAB155A-2097-4337-9D21-1204B1DF1958}.Debug|Any CPU.ActiveCfg = Debug|Any CPU
		{1FAB155A-2097-4337-9D21-1204B1DF1958}.Debug|Any CPU.Build.0 = Debug|Any CPU
		{1FAB155A-2097-4337-9D21-1204B1DF1958}.Release|Any CPU.ActiveCfg = Release|Any CPU
		{1FAB155A-2097-4337-9D21-1204B1DF1958}.Release|Any CPU.Build.0 = Release|Any CPU
		{D5514AF7-FB00-4A30-A5FF-431A2C097164}.Debug|Any CPU.ActiveCfg = Debug|Any CPU
		{D5514AF7-FB00-4A30-A5FF-431A2C097164}.Debug|Any CPU.Build.0 = Debug|Any CPU
		{D5514AF7-FB00-4A30-A5FF-431A2C097164}.Release|Any CPU.ActiveCfg = Release|Any CPU
		{D5514AF7-FB00-4A30-A5FF-431A2C097164}.Release|Any CPU.Build.0 = Release|Any CPU
		{A5716A34-DBD6-4572-8D83-8DB1E762315A}.Debug|Any CPU.ActiveCfg = Debug|Any CPU
		{A5716A34-DBD6-4572-8D83-8DB1E762315A}.Debug|Any CPU.Build.0 = Debug|Any CPU
		{A5716A34-DBD6-4572-8D83-8DB1E762315A}.Release|Any CPU.ActiveCfg = Release|Any CPU
		{A5716A34-DBD6-4572-8D83-8DB1E762315A}.Release|Any CPU.Build.0 = Release|Any CPU
		{83187B6C-173C-4D09-AA45-098417BA5D59}.Debug|Any CPU.ActiveCfg = Debug|Any CPU
		{83187B6C-173C-4D09-AA45-098417BA5D59}.Debug|Any CPU.Build.0 = Debug|Any CPU
		{83187B6C-173C-4D09-AA45-098417BA5D59}.Release|Any CPU.ActiveCfg = Release|Any CPU
		{83187B6C-173C-4D09-AA45-098417BA5D59}.Release|Any CPU.Build.0 = Release|Any CPU
	EndGlobalSection
	GlobalSection(SolutionProperties) = preSolution
		HideSolutionNode = FALSE
	EndGlobalSection
	GlobalSection(ExtensibilityGlobals) = postSolution
		SolutionGuid = {F7BD79B6-8941-4259-B59B-FAA667AAB945}
	EndGlobalSection
EndGlobal
